
Microsoft Visual Studio Solution File, Format Version 12.00
# Visual Studio Version 16
VisualStudioVersion = 16.0.32413.511
MinimumVisualStudioVersion = 10.0.40219.1
Project("{FAE04EC0-301F-11D3-BF4B-00C04F79EFBC}") = "PessoaCPF-CNPJ", "PessoaCPF-CNPJ.csproj", "{0332D335-E3FB-4B7D-B1FD-711704FB561D}"
EndProject
Global
	GlobalSection(SolutionConfigurationPlatforms) = preSolution
		Debug|Any CPU = Debug|Any CPU
		Release|Any CPU = Release|Any CPU
	EndGlobalSection
	GlobalSection(ProjectConfigurationPlatforms) = postSolution
		{0332D335-E3FB-4B7D-B1FD-711704FB561D}.Debug|Any CPU.ActiveCfg = Debug|Any CPU
		{0332D335-E3FB-4B7D-B1FD-711704FB561D}.Debug|Any CPU.Build.0 = Debug|Any CPU
		{0332D335-E3FB-4B7D-B1FD-711704FB561D}.Release|Any CPU.ActiveCfg = Release|Any CPU
		{0332D335-E3FB-4B7D-B1FD-711704FB561D}.Release|Any CPU.Build.0 = Release|Any CPU
	EndGlobalSection
	GlobalSection(SolutionProperties) = preSolution
		HideSolutionNode = FALSE
	EndGlobalSection
	GlobalSection(ExtensibilityGlobals) = postSolution
		SolutionGuid = {E94A41CD-6856-47D0-9867-3F1E5594ADD3}
	EndGlobalSection
EndGlobal
