
Microsoft Visual Studio Solution File, Format Version 12.00
# Visual Studio Version 16
VisualStudioVersion = 16.0.32413.511
MinimumVisualStudioVersion = 10.0.40219.1
Project("{FAE04EC0-301F-11D3-BF4B-00C04F79EFBC}") = "Atividade Leitura e escrita de arquivo", "Atividade Leitura e escrita de arquivo.csproj", "{292AA332-7C43-491A-84DC-E8E8E33CADCD}"
EndProject
Global
	GlobalSection(SolutionConfigurationPlatforms) = preSolution
		Debug|Any CPU = Debug|Any CPU
		Release|Any CPU = Release|Any CPU
	EndGlobalSection
	GlobalSection(ProjectConfigurationPlatforms) = postSolution
		{292AA332-7C43-491A-84DC-E8E8E33CADCD}.Debug|Any CPU.ActiveCfg = Debug|Any CPU
		{292AA332-7C43-491A-84DC-E8E8E33CADCD}.Debug|Any CPU.Build.0 = Debug|Any CPU
		{292AA332-7C43-491A-84DC-E8E8E33CADCD}.Release|Any CPU.ActiveCfg = Release|Any CPU
		{292AA332-7C43-491A-84DC-E8E8E33CADCD}.Release|Any CPU.Build.0 = Release|Any CPU
	EndGlobalSection
	GlobalSection(SolutionProperties) = preSolution
		HideSolutionNode = FALSE
	EndGlobalSection
	GlobalSection(ExtensibilityGlobals) = postSolution
		SolutionGuid = {A7E2BD3D-D24C-4A98-8A7B-7C33D2B4D132}
	EndGlobalSection
EndGlobal
