
Microsoft Visual Studio Solution File, Format Version 12.00
# Visual Studio Version 16
VisualStudioVersion = 16.0.32413.511
MinimumVisualStudioVersion = 10.0.40219.1
Project("{FAE04EC0-301F-11D3-BF4B-00C04F79EFBC}") = "Atividade 05-05", "Atividade 05-05.csproj", "{EBF7D342-6E23-402D-AF91-48F5752406E0}"
EndProject
Global
	GlobalSection(SolutionConfigurationPlatforms) = preSolution
		Debug|Any CPU = Debug|Any CPU
		Release|Any CPU = Release|Any CPU
	EndGlobalSection
	GlobalSection(ProjectConfigurationPlatforms) = postSolution
		{EBF7D342-6E23-402D-AF91-48F5752406E0}.Debug|Any CPU.ActiveCfg = Debug|Any CPU
		{EBF7D342-6E23-402D-AF91-48F5752406E0}.Debug|Any CPU.Build.0 = Debug|Any CPU
		{EBF7D342-6E23-402D-AF91-48F5752406E0}.Release|Any CPU.ActiveCfg = Release|Any CPU
		{EBF7D342-6E23-402D-AF91-48F5752406E0}.Release|Any CPU.Build.0 = Release|Any CPU
	EndGlobalSection
	GlobalSection(SolutionProperties) = preSolution
		HideSolutionNode = FALSE
	EndGlobalSection
	GlobalSection(ExtensibilityGlobals) = postSolution
		SolutionGuid = {A6331416-7096-47D0-9895-3726AC31617D}
	EndGlobalSection
EndGlobal
